// !$*UTF8*$!
{
	archiveVersion = 1;
	classes = {
	};
	objectVersion = 77;
	objects = {

/* Begin PBXContainerItemProxy section */
		3A500FF32E5874C1006825CA /* PBXContainerItemProxy */ = {
			isa = PBXContainerItemProxy;
			containerPortal = 3A500FDA2E5874BE006825CA /* Project object */;
			proxyType = 1;
			remoteGlobalIDString = 3A500FE12E5874BE006825CA;
			remoteInfo = VibeCodingOnCursor;
		};
		3A500FFD2E5874C1006825CA /* PBXContainerItemProxy */ = {
			isa = PBXContainerItemProxy;
			containerPortal = 3A500FDA2E5874BE006825CA /* Project object */;
			proxyType = 1;
			remoteGlobalIDString = 3A500FE12E5874BE006825CA;
			remoteInfo = VibeCodingOnCursor;
		};
/* End PBXContainerItemProxy section */

/* Begin PBXFileReference section */
		3A500FE22E5874BE006825CA /* VibeCodingOnCursor.app */ = {isa = PBXFileReference; explicitFileType = wrapper.application; includeInIndex = 0; path = VibeCodingOnCursor.app; sourceTree = BUILT_PRODUCTS_DIR; };
		3A500FF22E5874C1006825CA /* VibeCodingOnCursorTests.xctest */ = {isa = PBXFileReference; explicitFileType = wrapper.cfbundle; includeInIndex = 0; path = VibeCodingOnCursorTests.xctest; sourceTree = BUILT_PRODUCTS_DIR; };
		3A500FFC2E5874C1006825CA /* VibeCodingOnCursorUITests.xctest */ = {isa = PBXFileReference; explicitFileType = wrapper.cfbundle; includeInIndex = 0; path = VibeCodingOnCursorUITests.xctest; sourceTree = BUILT_PRODUCTS_DIR; };
/* End PBXFileReference section */

/* Begin PBXFileSystemSynchronizedRootGroup section */
		3A500FE42E5874BE006825CA /* VibeCodingOnCursor */ = {
			isa = PBXFileSystemSynchronizedRootGroup;
			path = VibeCodingOnCursor;
			sourceTree = "<group>";
		};
		3A500FF52E5874C1006825CA /* VibeCodingOnCursorTests */ = {
			isa = PBXFileSystemSynchronizedRootGroup;
			path = VibeCodingOnCursorTests;
			sourceTree = "<group>";
		};
		3A500FFF2E5874C1006825CA /* VibeCodingOnCursorUITests */ = {
			isa = PBXFileSystemSynchronizedRootGroup;
			path = VibeCodingOnCursorUITests;
			sourceTree = "<group>";
		};
/* End PBXFileSystemSynchronizedRootGroup section */

/* Begin PBXFrameworksBuildPhase section */
		3A500FDF2E5874BE006825CA /* Frameworks */ = {
			isa = PBXFrameworksBuildPhase;
			buildActionMask = 2147483647;
			files = (
			);
			runOnlyForDeploymentPostprocessing = 0;
		};
		3A500FEF2E5874C1006825CA /* Frameworks */ = {
			isa = PBXFrameworksBuildPhase;
			buildActionMask = 2147483647;
			files = (
			);
			runOnlyForDeploymentPostprocessing = 0;
		};
		3A500FF92E5874C1006825CA /* Frameworks */ = {
			isa = PBXFrameworksBuildPhase;
			buildActionMask = 2147483647;
			files = (
			);
			runOnlyForDeploymentPostprocessing = 0;
		};
/* End PBXFrameworksBuildPhase section */

/* Begin PBXGroup section */
		3A500FD92E5874BE006825CA = {
			isa = PBXGroup;
			children = (
				3A500FE42E5874BE006825CA /* VibeCodingOnCursor */,
				3A500FF52E5874C1006825CA /* VibeCodingOnCursorTests */,
				3A500FFF2E5874C1006825CA /* VibeCodingOnCursorUITests */,
				3A500FE32E5874BE006825CA /* Products */,
			);
			sourceTree = "<group>";
		};
		3A500FE32E5874BE006825CA /* Products */ = {
			isa = PBXGroup;
			children = (
				3A500FE22E5874BE006825CA /* VibeCodingOnCursor.app */,
				3A500FF22E5874C1006825CA /* VibeCodingOnCursorTests.xctest */,
				3A500FFC2E5874C1006825CA /* VibeCodingOnCursorUITests.xctest */,
			);
			name = Products;
			sourceTree = "<group>";
		};
/* End PBXGroup section */

/* Begin PBXNativeTarget section */
		3A500FE12E5874BE006825CA /* VibeCodingOnCursor */ = {
			isa = PBXNativeTarget;
			buildConfigurationList = 3A5010062E5874C1006825CA /* Build configuration list for PBXNativeTarget "VibeCodingOnCursor" */;
			buildPhases = (
				3A500FDE2E5874BE006825CA /* Sources */,
				3A500FDF2E5874BE006825CA /* Frameworks */,
				3A500FE02E5874BE006825CA /* Resources */,
			);
			buildRules = (
			);
			dependencies = (
			);
			fileSystemSynchronizedGroups = (
				3A500FE42E5874BE006825CA /* VibeCodingOnCursor */,
			);
			name = VibeCodingOnCursor;
			packageProductDependencies = (
			);
			productName = VibeCodingOnCursor;
			productReference = 3A500FE22E5874BE006825CA /* VibeCodingOnCursor.app */;
			productType = "com.apple.product-type.application";
		};
		3A500FF12E5874C1006825CA /* VibeCodingOnCursorTests */ = {
			isa = PBXNativeTarget;
			buildConfigurationList = 3A5010092E5874C1006825CA /* Build configuration list for PBXNativeTarget "VibeCodingOnCursorTests" */;
			buildPhases = (
				3A500FEE2E5874C1006825CA /* Sources */,
				3A500FEF2E5874C1006825CA /* Frameworks */,
				3A500FF02E5874C1006825CA /* Resources */,
			);
			buildRules = (
			);
			dependencies = (
				3A500FF42E5874C1006825CA /* PBXTargetDependency */,
			);
			fileSystemSynchronizedGroups = (
				3A500FF52E5874C1006825CA /* VibeCodingOnCursorTests */,
			);
			name = VibeCodingOnCursorTests;
			packageProductDependencies = (
			);
			productName = VibeCodingOnCursorTests;
			productReference = 3A500FF22E5874C1006825CA /* VibeCodingOnCursorTests.xctest */;
			productType = "com.apple.product-type.bundle.unit-test";
		};
		3A500FFB2E5874C1006825CA /* VibeCodingOnCursorUITests */ = {
			isa = PBXNativeTarget;
			buildConfigurationList = 3A50100C2E5874C1006825CA /* Build configuration list for PBXNativeTarget "VibeCodingOnCursorUITests" */;
			buildPhases = (
				3A500FF82E5874C1006825CA /* Sources */,
				3A500FF92E5874C1006825CA /* Frameworks */,
				3A500FFA2E5874C1006825CA /* Resources */,
			);
			buildRules = (
			);
			dependencies = (
				3A500FFE2E5874C1006825CA /* PBXTargetDependency */,
			);
			fileSystemSynchronizedGroups = (
				3A500FFF2E5874C1006825CA /* VibeCodingOnCursorUITests */,
			);
			name = VibeCodingOnCursorUITests;
			packageProductDependencies = (
			);
			productName = VibeCodingOnCursorUITests;
			productReference = 3A500FFC2E5874C1006825CA /* VibeCodingOnCursorUITests.xctest */;
			productType = "com.apple.product-type.bundle.ui-testing";
		};
/* End PBXNativeTarget section */

/* Begin PBXProject section */
		3A500FDA2E5874BE006825CA /* Project object */ = {
			isa = PBXProject;
			attributes = {
				BuildIndependentTargetsInParallel = 1;
				LastSwiftUpdateCheck = 1610;
				LastUpgradeCheck = 1610;
				TargetAttributes = {
					3A500FE12E5874BE006825CA = {
						CreatedOnToolsVersion = 16.1;
					};
					3A500FF12E5874C1006825CA = {
						CreatedOnToolsVersion = 16.1;
						TestTargetID = 3A500FE12E5874BE006825CA;
					};
					3A500FFB2E5874C1006825CA = {
						CreatedOnToolsVersion = 16.1;
						TestTargetID = 3A500FE12E5874BE006825CA;
					};
				};
			};
			buildConfigurationList = 3A500FDD2E5874BE006825CA /* Build configuration list for PBXProject "VibeCodingOnCursor" */;
			developmentRegion = en;
			hasScannedForEncodings = 0;
			knownRegions = (
				en,
				Base,
			);
			mainGroup = 3A500FD92E5874BE006825CA;
			minimizedProjectReferenceProxies = 1;
			preferredProjectObjectVersion = 77;
			productRefGroup = 3A500FE32E5874BE006825CA /* Products */;
			projectDirPath = "";
			projectRoot = "";
			targets = (
				3A500FE12E5874BE006825CA /* VibeCodingOnCursor */,
				3A500FF12E5874C1006825CA /* VibeCodingOnCursorTests */,
				3A500FFB2E5874C1006825CA /* VibeCodingOnCursorUITests */,
			);
		};
/* End PBXProject section */

/* Begin PBXResourcesBuildPhase section */
		3A500FE02E5874BE006825CA /* Resources */ = {
			isa = PBXResourcesBuildPhase;
			buildActionMask = 2147483647;
			files = (
			);
			runOnlyForDeploymentPostprocessing = 0;
		};
		3A500FF02E5874C1006825CA /* Resources */ = {
			isa = PBXResourcesBuildPhase;
			buildActionMask = 2147483647;
			files = (
			);
			runOnlyForDeploymentPostprocessing = 0;
		};
		3A500FFA2E5874C1006825CA /* Resources */ = {
			isa = PBXResourcesBuildPhase;
			buildActionMask = 2147483647;
			files = (
			);
			runOnlyForDeploymentPostprocessing = 0;
		};
/* End PBXResourcesBuildPhase section */

/* Begin PBXSourcesBuildPhase section */
		3A500FDE2E5874BE006825CA /* Sources */ = {
			isa = PBXSourcesBuildPhase;
			buildActionMask = 2147483647;
			files = (
			);
			runOnlyForDeploymentPostprocessing = 0;
		};
		3A500FEE2E5874C1006825CA /* Sources */ = {
			isa = PBXSourcesBuildPhase;
			buildActionMask = 2147483647;
			files = (
			);
			runOnlyForDeploymentPostprocessing = 0;
		};
		3A500FF82E5874C1006825CA /* Sources */ = {
			isa = PBXSourcesBuildPhase;
			buildActionMask = 2147483647;
			files = (
			);
			runOnlyForDeploymentPostprocessing = 0;
		};
/* End PBXSourcesBuildPhase section */

/* Begin PBXTargetDependency section */
		3A500FF42E5874C1006825CA /* PBXTargetDependency */ = {
			isa = PBXTargetDependency;
			target = 3A500FE12E5874BE006825CA /* VibeCodingOnCursor */;
			targetProxy = 3A500FF32E5874C1006825CA /* PBXContainerItemProxy */;
		};
		3A500FFE2E5874C1006825CA /* PBXTargetDependency */ = {
			isa = PBXTargetDependency;
			target = 3A500FE12E5874BE006825CA /* VibeCodingOnCursor */;
			targetProxy = 3A500FFD2E5874C1006825CA /* PBXContainerItemProxy */;
		};
/* End PBXTargetDependency section */

/* Begin XCBuildConfiguration section */
		3A5010042E5874C1006825CA /* Debug */ = {
			isa = XCBuildConfiguration;
			buildSettings = {
				ALWAYS_SEARCH_USER_PATHS = NO;
				ASSETCATALOG_COMPILER_GENERATE_SWIFT_ASSET_SYMBOL_EXTENSIONS = YES;
				CLANG_ANALYZER_NONNULL = YES;
				CLANG_ANALYZER_NUMBER_OBJECT_CONVERSION = YES_AGGRESSIVE;
				CLANG_CXX_LANGUAGE_STANDARD = "gnu++20";
				CLANG_ENABLE_MODULES = YES;
				CLANG_ENABLE_OBJC_ARC = YES;
				CLANG_ENABLE_OBJC_WEAK = YES;
				CLANG_WARN_BLOCK_CAPTURE_AUTORELEASING = YES;
				CLANG_WARN_BOOL_CONVERSION = YES;
				CLANG_WARN_COMMA = YES;
				CLANG_WARN_CONSTANT_CONVERSION = YES;
				CLANG_WARN_DEPRECATED_OBJC_IMPLEMENTATIONS = YES;
				CLANG_WARN_DIRECT_OBJC_ISA_USAGE = YES_ERROR;
				CLANG_WARN_DOCUMENTATION_COMMENTS = YES;
				CLANG_WARN_EMPTY_BODY = YES;
				CLANG_WARN_ENUM_CONVERSION = YES;
				CLANG_WARN_INFINITE_RECURSION = YES;
				CLANG_WARN_INT_CONVERSION = YES;
				CLANG_WARN_NON_LITERAL_NULL_CONVERSION = YES;
				CLANG_WARN_OBJC_IMPLICIT_RETAIN_SELF = YES;
				CLANG_WARN_OBJC_LITERAL_CONVERSION = YES;
				CLANG_WARN_OBJC_ROOT_CLASS = YES_ERROR;
				CLANG_WARN_QUOTED_INCLUDE_IN_FRAMEWORK_HEADER = YES;
				CLANG_WARN_RANGE_LOOP_ANALYSIS = YES;
				CLANG_WARN_STRICT_PROTOTYPES = YES;
				CLANG_WARN_SUSPICIOUS_MOVE = YES;
				CLANG_WARN_UNGUARDED_AVAILABILITY = YES_AGGRESSIVE;
				CLANG_WARN_UNREACHABLE_CODE = YES;
				CLANG_WARN__DUPLICATE_METHOD_MATCH = YES;
				COPY_PHASE_STRIP = NO;
				DEBUG_INFORMATION_FORMAT = dwarf;
				ENABLE_STRICT_OBJC_MSGSEND = YES;
				ENABLE_TESTABILITY = YES;
				ENABLE_USER_SCRIPT_SANDBOXING = YES;
				GCC_C_LANGUAGE_STANDARD = gnu17;
				GCC_DYNAMIC_NO_PIC = NO;
				GCC_NO_COMMON_BLOCKS = YES;
				GCC_OPTIMIZATION_LEVEL = 0;
				GCC_PREPROCESSOR_DEFINITIONS = (
					"DEBUG=1",
					"$(inherited)",
				);
				GCC_WARN_64_TO_32_BIT_CONVERSION = YES;
				GCC_WARN_ABOUT_RETURN_TYPE = YES_ERROR;
				GCC_WARN_UNDECLARED_SELECTOR = YES;
				GCC_WARN_UNINITIALIZED_AUTOS = YES_AGGRESSIVE;
				GCC_WARN_UNUSED_FUNCTION = YES;
				GCC_WARN_UNUSED_VARIABLE = YES;
				IPHONEOS_DEPLOYMENT_TARGET = 18.1;
				LOCALIZATION_PREFERS_STRING_CATALOGS = YES;
				MTL_ENABLE_DEBUG_INFO = INCLUDE_SOURCE;
				MTL_FAST_MATH = YES;
				ONLY_ACTIVE_ARCH = YES;
				SDKROOT = iphoneos;
				SWIFT_ACTIVE_COMPILATION_CONDITIONS = "DEBUG $(inherited)";
				SWIFT_OPTIMIZATION_LEVEL = "-Onone";
			};
			name = Debug;
		};
		3A5010052E5874C1006825CA /* Release */ = {
			isa = XCBuildConfiguration;
			buildSettings = {
				ALWAYS_SEARCH_USER_PATHS = NO;
				ASSETCATALOG_COMPILER_GENERATE_SWIFT_ASSET_SYMBOL_EXTENSIONS = YES;
				CLANG_ANALYZER_NONNULL = YES;
				CLANG_ANALYZER_NUMBER_OBJECT_CONVERSION = YES_AGGRESSIVE;
				CLANG_CXX_LANGUAGE_STANDARD = "gnu++20";
				CLANG_ENABLE_MODULES = YES;
				CLANG_ENABLE_OBJC_ARC = YES;
				CLANG_ENABLE_OBJC_WEAK = YES;
				CLANG_WARN_BLOCK_CAPTURE_AUTORELEASING = YES;
				CLANG_WARN_BOOL_CONVERSION = YES;
				CLANG_WARN_COMMA = YES;
				CLANG_WARN_CONSTANT_CONVERSION = YES;
				CLANG_WARN_DEPRECATED_OBJC_IMPLEMENTATIONS = YES;
				CLANG_WARN_DIRECT_OBJC_ISA_USAGE = YES_ERROR;
				CLANG_WARN_DOCUMENTATION_COMMENTS = YES;
				CLANG_WARN_EMPTY_BODY = YES;
				CLANG_WARN_ENUM_CONVERSION = YES;
				CLANG_WARN_INFINITE_RECURSION = YES;
				CLANG_WARN_INT_CONVERSION = YES;
				CLANG_WARN_NON_LITERAL_NULL_CONVERSION = YES;
				CLANG_WARN_OBJC_IMPLICIT_RETAIN_SELF = YES;
				CLANG_WARN_OBJC_LITERAL_CONVERSION = YES;
				CLANG_WARN_OBJC_ROOT_CLASS = YES_ERROR;
				CLANG_WARN_QUOTED_INCLUDE_IN_FRAMEWORK_HEADER = YES;
				CLANG_WARN_RANGE_LOOP_ANALYSIS = YES;
				CLANG_WARN_STRICT_PROTOTYPES = YES;
				CLANG_WARN_SUSPICIOUS_MOVE = YES;
				CLANG_WARN_UNGUARDED_AVAILABILITY = YES_AGGRESSIVE;
				CLANG_WARN_UNREACHABLE_CODE = YES;
				CLANG_WARN__DUPLICATE_METHOD_MATCH = YES;
				COPY_PHASE_STRIP = NO;
				DEBUG_INFORMATION_FORMAT = "dwarf-with-dsym";
				ENABLE_NS_ASSERTIONS = NO;
				ENABLE_STRICT_OBJC_MSGSEND = YES;
				ENABLE_USER_SCRIPT_SANDBOXING = YES;
				GCC_C_LANGUAGE_STANDARD = gnu17;
				GCC_NO_COMMON_BLOCKS = YES;
				GCC_WARN_64_TO_32_BIT_CONVERSION = YES;
				GCC_WARN_ABOUT_RETURN_TYPE = YES_ERROR;
				GCC_WARN_UNDECLARED_SELECTOR = YES;
				GCC_WARN_UNINITIALIZED_AUTOS = YES_AGGRESSIVE;
				GCC_WARN_UNUSED_FUNCTION = YES;
				GCC_WARN_UNUSED_VARIABLE = YES;
				IPHONEOS_DEPLOYMENT_TARGET = 18.1;
				LOCALIZATION_PREFERS_STRING_CATALOGS = YES;
				MTL_ENABLE_DEBUG_INFO = NO;
				MTL_FAST_MATH = YES;
				SDKROOT = iphoneos;
				SWIFT_COMPILATION_MODE = wholemodule;
				VALIDATE_PRODUCT = YES;
			};
			name = Release;
		};
		3A5010072E5874C1006825CA /* Debug */ = {
			isa = XCBuildConfiguration;
			buildSettings = {
				ASSETCATALOG_COMPILER_APPICON_NAME = AppIcon;
				ASSETCATALOG_COMPILER_GLOBAL_ACCENT_COLOR_NAME = AccentColor;
				CODE_SIGN_STYLE = Automatic;
				CURRENT_PROJECT_VERSION = 1;
				DEVELOPMENT_ASSET_PATHS = "\"VibeCodingOnCursor/Preview Content\"";
				DEVELOPMENT_TEAM = LWU8V4B258;
				ENABLE_PREVIEWS = YES;
				GENERATE_INFOPLIST_FILE = YES;
				INFOPLIST_KEY_UIApplicationSceneManifest_Generation = YES;
				INFOPLIST_KEY_UIApplicationSupportsIndirectInputEvents = YES;
				INFOPLIST_KEY_UILaunchScreen_Generation = YES;
				INFOPLIST_KEY_UISupportedInterfaceOrientations_iPad = "UIInterfaceOrientationPortrait UIInterfaceOrientationPortraitUpsideDown UIInterfaceOrientationLandscapeLeft UIInterfaceOrientationLandscapeRight";
				INFOPLIST_KEY_UISupportedInterfaceOrientations_iPhone = "UIInterfaceOrientationPortrait UIInterfaceOrientationLandscapeLeft UIInterfaceOrientationLandscapeRight";
				IPHONEOS_DEPLOYMENT_TARGET = 15.0;
				LD_RUNPATH_SEARCH_PATHS = (
					"$(inherited)",
					"@executable_path/Frameworks",
				);
				MARKETING_VERSION = 1.0;
				PRODUCT_BUNDLE_IDENTIFIER = com.VibeCodingOnCursor;
				PRODUCT_NAME = "$(TARGET_NAME)";
				SWIFT_EMIT_LOC_STRINGS = YES;
				SWIFT_VERSION = 5.0;
				TARGETED_DEVICE_FAMILY = "1,2";
			};
			name = Debug;
		};
		3A5010082E5874C1006825CA /* Release */ = {
			isa = XCBuildConfiguration;
			buildSettings = {
				ASSETCATALOG_COMPILER_APPICON_NAME = AppIcon;
				ASSETCATALOG_COMPILER_GLOBAL_ACCENT_COLOR_NAME = AccentColor;
				CODE_SIGN_STYLE = Automatic;
				CURRENT_PROJECT_VERSION = 1;
				DEVELOPMENT_ASSET_PATHS = "\"VibeCodingOnCursor/Preview Content\"";
				DEVELOPMENT_TEAM = LWU8V4B258;
				ENABLE_PREVIEWS = YES;
				GENERATE_INFOPLIST_FILE = YES;
				INFOPLIST_KEY_UIApplicationSceneManifest_Generation = YES;
				INFOPLIST_KEY_UIApplicationSupportsIndirectInputEvents = YES;
				INFOPLIST_KEY_UILaunchScreen_Generation = YES;
				INFOPLIST_KEY_UISupportedInterfaceOrientations_iPad = "UIInterfaceOrientationPortrait UIInterfaceOrientationPortraitUpsideDown UIInterfaceOrientationLandscapeLeft UIInterfaceOrientationLandscapeRight";
				INFOPLIST_KEY_UISupportedInterfaceOrientations_iPhone = "UIInterfaceOrientationPortrait UIInterfaceOrientationLandscapeLeft UIInterfaceOrientationLandscapeRight";
				IPHONEOS_DEPLOYMENT_TARGET = 15.0;
				LD_RUNPATH_SEARCH_PATHS = (
					"$(inherited)",
					"@executable_path/Frameworks",
				);
				MARKETING_VERSION = 1.0;
				PRODUCT_BUNDLE_IDENTIFIER = com.VibeCodingOnCursor;
				PRODUCT_NAME = "$(TARGET_NAME)";
				SWIFT_EMIT_LOC_STRINGS = YES;
				SWIFT_VERSION = 5.0;
				TARGETED_DEVICE_FAMILY = "1,2";
			};
			name = Release;
		};
		3A50100A2E5874C1006825CA /* Debug */ = {
			isa = XCBuildConfiguration;
			buildSettings = {
				BUNDLE_LOADER = "$(TEST_HOST)";
				CODE_SIGN_STYLE = Automatic;
				CURRENT_PROJECT_VERSION = 1;
				DEVELOPMENT_TEAM = LWU8V4B258;
				GENERATE_INFOPLIST_FILE = YES;
				IPHONEOS_DEPLOYMENT_TARGET = 15.0;
				MARKETING_VERSION = 1.0;
				PRODUCT_BUNDLE_IDENTIFIER = com.VibeCodingOnCursorTests;
				PRODUCT_NAME = "$(TARGET_NAME)";
				SWIFT_EMIT_LOC_STRINGS = NO;
				SWIFT_VERSION = 5.0;
				TARGETED_DEVICE_FAMILY = "1,2";
				TEST_HOST = "$(BUILT_PRODUCTS_DIR)/VibeCodingOnCursor.app/$(BUNDLE_EXECUTABLE_FOLDER_PATH)/VibeCodingOnCursor";
			};
			name = Debug;
		};
		3A50100B2E5874C1006825CA /* Release */ = {
			isa = XCBuildConfiguration;
			buildSettings = {
				BUNDLE_LOADER = "$(TEST_HOST)";
				CODE_SIGN_STYLE = Automatic;
				CURRENT_PROJECT_VERSION = 1;
				DEVELOPMENT_TEAM = LWU8V4B258;
				GENERATE_INFOPLIST_FILE = YES;
				IPHONEOS_DEPLOYMENT_TARGET = 15.0;
				MARKETING_VERSION = 1.0;
				PRODUCT_BUNDLE_IDENTIFIER = com.VibeCodingOnCursorTests;
				PRODUCT_NAME = "$(TARGET_NAME)";
				SWIFT_EMIT_LOC_STRINGS = NO;
				SWIFT_VERSION = 5.0;
				TARGETED_DEVICE_FAMILY = "1,2";
				TEST_HOST = "$(BUILT_PRODUCTS_DIR)/VibeCodingOnCursor.app/$(BUNDLE_EXECUTABLE_FOLDER_PATH)/VibeCodingOnCursor";
			};
			name = Release;
		};
		3A50100D2E5874C1006825CA /* Debug */ = {
			isa = XCBuildConfiguration;
			buildSettings = {
				CODE_SIGN_STYLE = Automatic;
				CURRENT_PROJECT_VERSION = 1;
				DEVELOPMENT_TEAM = LWU8V4B258;
				GENERATE_INFOPLIST_FILE = YES;
				IPHONEOS_DEPLOYMENT_TARGET = 15.0;
				MARKETING_VERSION = 1.0;
				PRODUCT_BUNDLE_IDENTIFIER = com.VibeCodingOnCursorUITests;
				PRODUCT_NAME = "$(TARGET_NAME)";
				SWIFT_EMIT_LOC_STRINGS = NO;
				SWIFT_VERSION = 5.0;
				TARGETED_DEVICE_FAMILY = "1,2";
				TEST_TARGET_NAME = VibeCodingOnCursor;
			};
			name = Debug;
		};
		3A50100E2E5874C1006825CA /* Release */ = {
			isa = XCBuildConfiguration;
			buildSettings = {
				CODE_SIGN_STYLE = Automatic;
				CURRENT_PROJECT_VERSION = 1;
				DEVELOPMENT_TEAM = LWU8V4B258;
				GENERATE_INFOPLIST_FILE = YES;
				IPHONEOS_DEPLOYMENT_TARGET = 15.0;
				MARKETING_VERSION = 1.0;
				PRODUCT_BUNDLE_IDENTIFIER = com.VibeCodingOnCursorUITests;
				PRODUCT_NAME = "$(TARGET_NAME)";
				SWIFT_EMIT_LOC_STRINGS = NO;
				SWIFT_VERSION = 5.0;
				TARGETED_DEVICE_FAMILY = "1,2";
				TEST_TARGET_NAME = VibeCodingOnCursor;
			};
			name = Release;
		};
/* End XCBuildConfiguration section */

/* Begin XCConfigurationList section */
		3A500FDD2E5874BE006825CA /* Build configuration list for PBXProject "VibeCodingOnCursor" */ = {
			isa = XCConfigurationList;
			buildConfigurations = (
				3A5010042E5874C1006825CA /* Debug */,
				3A5010052E5874C1006825CA /* Release */,
			);
			defaultConfigurationIsVisible = 0;
			defaultConfigurationName = Release;
		};
		3A5010062E5874C1006825CA /* Build configuration list for PBXNativeTarget "VibeCodingOnCursor" */ = {
			isa = XCConfigurationList;
			buildConfigurations = (
				3A5010072E5874C1006825CA /* Debug */,
				3A5010082E5874C1006825CA /* Release */,
			);
			defaultConfigurationIsVisible = 0;
			defaultConfigurationName = Release;
		};
		3A5010092E5874C1006825CA /* Build configuration list for PBXNativeTarget "VibeCodingOnCursorTests" */ = {
			isa = XCConfigurationList;
			buildConfigurations = (
				3A50100A2E5874C1006825CA /* Debug */,
				3A50100B2E5874C1006825CA /* Release */,
			);
			defaultConfigurationIsVisible = 0;
			defaultConfigurationName = Release;
		};
		3A50100C2E5874C1006825CA /* Build configuration list for PBXNativeTarget "VibeCodingOnCursorUITests" */ = {
			isa = XCConfigurationList;
			buildConfigurations = (
				3A50100D2E5874C1006825CA /* Debug */,
				3A50100E2E5874C1006825CA /* Release */,
			);
			defaultConfigurationIsVisible = 0;
			defaultConfigurationName = Release;
		};
/* End XCConfigurationList section */
	};
	rootObject = 3A500FDA2E5874BE006825CA /* Project object */;
}
